
Microsoft Visual Studio Solution File, Format Version 12.00
# Visual Studio Version 16
VisualStudioVersion = 16.0.29709.97
MinimumVisualStudioVersion = 10.0.40219.1
Project("{FAE04EC0-301F-11D3-BF4B-00C04F79EFBC}") = "MatTrack", "MatTrack\MatTrack.csproj", "{73929B46-CDA1-47E0-B1B3-4B97A5461CC2}"
EndProject
Global
	GlobalSection(SolutionConfigurationPlatforms) = preSolution
		Debug|Any CPU = Debug|Any CPU
		Release|Any CPU = Release|Any CPU
	EndGlobalSection
	GlobalSection(ProjectConfigurationPlatforms) = postSolution
		{73929B46-CDA1-47E0-B1B3-4B97A5461CC2}.Debug|Any CPU.ActiveCfg = Debug|Any CPU
		{73929B46-CDA1-47E0-B1B3-4B97A5461CC2}.Debug|Any CPU.Build.0 = Debug|Any CPU
		{73929B46-CDA1-47E0-B1B3-4B97A5461CC2}.Release|Any CPU.ActiveCfg = Release|Any CPU
		{73929B46-CDA1-47E0-B1B3-4B97A5461CC2}.Release|Any CPU.Build.0 = Release|Any CPU
	EndGlobalSection
	GlobalSection(SolutionProperties) = preSolution
		HideSolutionNode = FALSE
	EndGlobalSection
	GlobalSection(ExtensibilityGlobals) = postSolution
		SolutionGuid = {8D16BF86-9FA4-45AC-AE28-0D78763E39E2}
	EndGlobalSection
EndGlobal
